
Microsoft Visual Studio Solution File, Format Version 12.00
# Visual Studio Version 17
VisualStudioVersion = 17.1.32228.430
MinimumVisualStudioVersion = 10.0.40219.1
Project("{FAE04EC0-301F-11D3-BF4B-00C04F79EFBC}") = "CagriOyun", "CagriOyun\CagriOyun.csproj", "{0C8134E2-8317-4A44-AFB3-F16483869557}"
EndProject
Global
	GlobalSection(SolutionConfigurationPlatforms) = preSolution
		Debug|Any CPU = Debug|Any CPU
		Release|Any CPU = Release|Any CPU
	EndGlobalSection
	GlobalSection(ProjectConfigurationPlatforms) = postSolution
		{0C8134E2-8317-4A44-AFB3-F16483869557}.Debug|Any CPU.ActiveCfg = Debug|Any CPU
		{0C8134E2-8317-4A44-AFB3-F16483869557}.Debug|Any CPU.Build.0 = Debug|Any CPU
		{0C8134E2-8317-4A44-AFB3-F16483869557}.Release|Any CPU.ActiveCfg = Release|Any CPU
		{0C8134E2-8317-4A44-AFB3-F16483869557}.Release|Any CPU.Build.0 = Release|Any CPU
	EndGlobalSection
	GlobalSection(SolutionProperties) = preSolution
		HideSolutionNode = FALSE
	EndGlobalSection
	GlobalSection(ExtensibilityGlobals) = postSolution
		SolutionGuid = {4880F2A2-E294-4055-A35C-83209D94A44D}
	EndGlobalSection
EndGlobal
